
Microsoft Visual Studio Solution File, Format Version 12.00
# Visual Studio 15
VisualStudioVersion = 15.0.28010.2046
MinimumVisualStudioVersion = 10.0.40219.1
Project("{930C7802-8A8C-48F9-8165-68863BCCD9DD}") = "LocColombia.SqlConfig", "LocColombia.SqlConfig\LocColombia.SqlConfig.wixproj", "{6E6CA1F2-213F-4C38-A7B3-805351DE2C9D}"
EndProject
Global
	GlobalSection(SolutionConfigurationPlatforms) = preSolution
		Debug|x86 = Debug|x86
		Release|x86 = Release|x86
	EndGlobalSection
	GlobalSection(ProjectConfigurationPlatforms) = postSolution
		{6E6CA1F2-213F-4C38-A7B3-805351DE2C9D}.Debug|x86.ActiveCfg = Debug|x86
		{6E6CA1F2-213F-4C38-A7B3-805351DE2C9D}.Debug|x86.Build.0 = Debug|x86
		{6E6CA1F2-213F-4C38-A7B3-805351DE2C9D}.Release|x86.ActiveCfg = Release|x86
		{6E6CA1F2-213F-4C38-A7B3-805351DE2C9D}.Release|x86.Build.0 = Release|x86
	EndGlobalSection
	GlobalSection(SolutionProperties) = preSolution
		HideSolutionNode = FALSE
	EndGlobalSection
	GlobalSection(ExtensibilityGlobals) = postSolution
		SolutionGuid = {518EB7D7-BA86-4201-8260-8D1E9B19CB3B}
	EndGlobalSection
EndGlobal
