
Microsoft Visual Studio Solution File, Format Version 12.00
# Visual Studio 15
VisualStudioVersion = 15.0.28010.2046
MinimumVisualStudioVersion = 10.0.40219.1
Project("{F14B399A-7131-4C87-9E4B-1186C45EF12D}") = "COL_Localizacion", "COL_Localizacion.rptproj", "{A81B5D4A-3FBF-49E4-BDB7-FCB7CC89A6A1}"
EndProject
Global
	GlobalSection(SolutionConfigurationPlatforms) = preSolution
		Debug|Default = Debug|Default
		DebugLocal|Default = DebugLocal|Default
		Release|Default = Release|Default
	EndGlobalSection
	GlobalSection(ProjectConfigurationPlatforms) = postSolution
		{A81B5D4A-3FBF-49E4-BDB7-FCB7CC89A6A1}.Debug|Default.ActiveCfg = Debug
		{A81B5D4A-3FBF-49E4-BDB7-FCB7CC89A6A1}.Debug|Default.Build.0 = DebugLocal
		{A81B5D4A-3FBF-49E4-BDB7-FCB7CC89A6A1}.Debug|Default.Deploy.0 = DebugLocal
		{A81B5D4A-3FBF-49E4-BDB7-FCB7CC89A6A1}.DebugLocal|Default.ActiveCfg = DebugLocal
		{A81B5D4A-3FBF-49E4-BDB7-FCB7CC89A6A1}.DebugLocal|Default.Build.0 = DebugLocal
		{A81B5D4A-3FBF-49E4-BDB7-FCB7CC89A6A1}.Release|Default.ActiveCfg = Release
		{A81B5D4A-3FBF-49E4-BDB7-FCB7CC89A6A1}.Release|Default.Build.0 = Release
		{A81B5D4A-3FBF-49E4-BDB7-FCB7CC89A6A1}.Release|Default.Deploy.0 = Release
	EndGlobalSection
	GlobalSection(SolutionProperties) = preSolution
		HideSolutionNode = FALSE
	EndGlobalSection
	GlobalSection(ExtensibilityGlobals) = postSolution
		SolutionGuid = {7659AF88-08E3-46B8-8A12-7C29216779B7}
	EndGlobalSection
EndGlobal
